
Microsoft Visual Studio Solution File, Format Version 12.00
# Visual Studio 15
VisualStudioVersion = 15.0.26124.0
MinimumVisualStudioVersion = 15.0.26124.0
Project("{2150E333-8FDC-42A3-9474-1A3956D46DE8}") = "MachineLearning", "MachineLearning", "{D067C787-94C3-4DB8-9012-1F22AE784BEF}"
EndProject
Project("{FAE04EC0-301F-11D3-BF4B-00C04F79EFBC}") = "MachineLearningTests", "MachineLearning\tests\MachineLearningTests.csproj", "{94EBDF5F-0A9D-4CE5-9D16-3FF323B8792C}"
EndProject
Project("{FAE04EC0-301F-11D3-BF4B-00C04F79EFBC}") = "MachineLearning", "MachineLearning\src\MachineLearning.csproj", "{B045BF35-6BE6-4982-9618-8725C70D3F91}"
EndProject
Global
	GlobalSection(SolutionConfigurationPlatforms) = preSolution
		Debug|Any CPU = Debug|Any CPU
		Debug|x64 = Debug|x64
		Debug|x86 = Debug|x86
		Release|Any CPU = Release|Any CPU
		Release|x64 = Release|x64
		Release|x86 = Release|x86
	EndGlobalSection
	GlobalSection(SolutionProperties) = preSolution
		HideSolutionNode = FALSE
	EndGlobalSection
	GlobalSection(ProjectConfigurationPlatforms) = postSolution
		{94EBDF5F-0A9D-4CE5-9D16-3FF323B8792C}.Debug|Any CPU.ActiveCfg = Debug|Any CPU
		{94EBDF5F-0A9D-4CE5-9D16-3FF323B8792C}.Debug|Any CPU.Build.0 = Debug|Any CPU
		{94EBDF5F-0A9D-4CE5-9D16-3FF323B8792C}.Debug|x64.ActiveCfg = Debug|Any CPU
		{94EBDF5F-0A9D-4CE5-9D16-3FF323B8792C}.Debug|x64.Build.0 = Debug|Any CPU
		{94EBDF5F-0A9D-4CE5-9D16-3FF323B8792C}.Debug|x86.ActiveCfg = Debug|Any CPU
		{94EBDF5F-0A9D-4CE5-9D16-3FF323B8792C}.Debug|x86.Build.0 = Debug|Any CPU
		{94EBDF5F-0A9D-4CE5-9D16-3FF323B8792C}.Release|Any CPU.ActiveCfg = Release|Any CPU
		{94EBDF5F-0A9D-4CE5-9D16-3FF323B8792C}.Release|Any CPU.Build.0 = Release|Any CPU
		{94EBDF5F-0A9D-4CE5-9D16-3FF323B8792C}.Release|x64.ActiveCfg = Release|Any CPU
		{94EBDF5F-0A9D-4CE5-9D16-3FF323B8792C}.Release|x64.Build.0 = Release|Any CPU
		{94EBDF5F-0A9D-4CE5-9D16-3FF323B8792C}.Release|x86.ActiveCfg = Release|Any CPU
		{94EBDF5F-0A9D-4CE5-9D16-3FF323B8792C}.Release|x86.Build.0 = Release|Any CPU
		{B045BF35-6BE6-4982-9618-8725C70D3F91}.Debug|Any CPU.ActiveCfg = Debug|Any CPU
		{B045BF35-6BE6-4982-9618-8725C70D3F91}.Debug|Any CPU.Build.0 = Debug|Any CPU
		{B045BF35-6BE6-4982-9618-8725C70D3F91}.Debug|x64.ActiveCfg = Debug|Any CPU
		{B045BF35-6BE6-4982-9618-8725C70D3F91}.Debug|x64.Build.0 = Debug|Any CPU
		{B045BF35-6BE6-4982-9618-8725C70D3F91}.Debug|x86.ActiveCfg = Debug|Any CPU
		{B045BF35-6BE6-4982-9618-8725C70D3F91}.Debug|x86.Build.0 = Debug|Any CPU
		{B045BF35-6BE6-4982-9618-8725C70D3F91}.Release|Any CPU.ActiveCfg = Release|Any CPU
		{B045BF35-6BE6-4982-9618-8725C70D3F91}.Release|Any CPU.Build.0 = Release|Any CPU
		{B045BF35-6BE6-4982-9618-8725C70D3F91}.Release|x64.ActiveCfg = Release|Any CPU
		{B045BF35-6BE6-4982-9618-8725C70D3F91}.Release|x64.Build.0 = Release|Any CPU
		{B045BF35-6BE6-4982-9618-8725C70D3F91}.Release|x86.ActiveCfg = Release|Any CPU
		{B045BF35-6BE6-4982-9618-8725C70D3F91}.Release|x86.Build.0 = Release|Any CPU
	EndGlobalSection
	GlobalSection(NestedProjects) = preSolution
		{94EBDF5F-0A9D-4CE5-9D16-3FF323B8792C} = {D067C787-94C3-4DB8-9012-1F22AE784BEF}
		{B045BF35-6BE6-4982-9618-8725C70D3F91} = {D067C787-94C3-4DB8-9012-1F22AE784BEF}
	EndGlobalSection
EndGlobal
