
Microsoft Visual Studio Solution File, Format Version 12.00
# Visual Studio 15
VisualStudioVersion = 15.0.26124.0
MinimumVisualStudioVersion = 15.0.26124.0
Project("{2150E333-8FDC-42A3-9474-1A3956D46DE8}") = "MachineLearning", "MachineLearning", "{A16B06ED-70E8-4494-B040-D446F0F74588}"
EndProject
Project("{2150E333-8FDC-42A3-9474-1A3956D46DE8}") = "src", "src", "{E540364C-047F-446E-B8C1-CD41224E2282}"
EndProject
Project("{FAE04EC0-301F-11D3-BF4B-00C04F79EFBC}") = "Runtime", "MachineLearning\src\Runtime\Runtime.csproj", "{4C399D64-0435-47E0-99D3-AA898E640717}"
EndProject
Project("{FAE04EC0-301F-11D3-BF4B-00C04F79EFBC}") = "DataModel", "MachineLearning\src\DataModel\DataModel.csproj", "{E4A725A7-3525-4FC5-9794-4317B5DB9C9B}"
EndProject
Project("{FAE04EC0-301F-11D3-BF4B-00C04F79EFBC}") = "MachineLearningTests", "MachineLearning\tests\MachineLearningTests.csproj", "{0F1A243B-5263-4F97-ACAE-A7A6BAB8163B}"
EndProject
Global
	GlobalSection(SolutionConfigurationPlatforms) = preSolution
		Debug|Any CPU = Debug|Any CPU
		Debug|x64 = Debug|x64
		Debug|x86 = Debug|x86
		Release|Any CPU = Release|Any CPU
		Release|x64 = Release|x64
		Release|x86 = Release|x86
	EndGlobalSection
	GlobalSection(SolutionProperties) = preSolution
		HideSolutionNode = FALSE
	EndGlobalSection
	GlobalSection(ProjectConfigurationPlatforms) = postSolution
		{4C399D64-0435-47E0-99D3-AA898E640717}.Debug|Any CPU.ActiveCfg = Debug|Any CPU
		{4C399D64-0435-47E0-99D3-AA898E640717}.Debug|Any CPU.Build.0 = Debug|Any CPU
		{4C399D64-0435-47E0-99D3-AA898E640717}.Debug|x64.ActiveCfg = Debug|Any CPU
		{4C399D64-0435-47E0-99D3-AA898E640717}.Debug|x64.Build.0 = Debug|Any CPU
		{4C399D64-0435-47E0-99D3-AA898E640717}.Debug|x86.ActiveCfg = Debug|Any CPU
		{4C399D64-0435-47E0-99D3-AA898E640717}.Debug|x86.Build.0 = Debug|Any CPU
		{4C399D64-0435-47E0-99D3-AA898E640717}.Release|Any CPU.ActiveCfg = Release|Any CPU
		{4C399D64-0435-47E0-99D3-AA898E640717}.Release|Any CPU.Build.0 = Release|Any CPU
		{4C399D64-0435-47E0-99D3-AA898E640717}.Release|x64.ActiveCfg = Release|Any CPU
		{4C399D64-0435-47E0-99D3-AA898E640717}.Release|x64.Build.0 = Release|Any CPU
		{4C399D64-0435-47E0-99D3-AA898E640717}.Release|x86.ActiveCfg = Release|Any CPU
		{4C399D64-0435-47E0-99D3-AA898E640717}.Release|x86.Build.0 = Release|Any CPU
		{E4A725A7-3525-4FC5-9794-4317B5DB9C9B}.Debug|Any CPU.ActiveCfg = Debug|Any CPU
		{E4A725A7-3525-4FC5-9794-4317B5DB9C9B}.Debug|Any CPU.Build.0 = Debug|Any CPU
		{E4A725A7-3525-4FC5-9794-4317B5DB9C9B}.Debug|x64.ActiveCfg = Debug|Any CPU
		{E4A725A7-3525-4FC5-9794-4317B5DB9C9B}.Debug|x64.Build.0 = Debug|Any CPU
		{E4A725A7-3525-4FC5-9794-4317B5DB9C9B}.Debug|x86.ActiveCfg = Debug|Any CPU
		{E4A725A7-3525-4FC5-9794-4317B5DB9C9B}.Debug|x86.Build.0 = Debug|Any CPU
		{E4A725A7-3525-4FC5-9794-4317B5DB9C9B}.Release|Any CPU.ActiveCfg = Release|Any CPU
		{E4A725A7-3525-4FC5-9794-4317B5DB9C9B}.Release|Any CPU.Build.0 = Release|Any CPU
		{E4A725A7-3525-4FC5-9794-4317B5DB9C9B}.Release|x64.ActiveCfg = Release|Any CPU
		{E4A725A7-3525-4FC5-9794-4317B5DB9C9B}.Release|x64.Build.0 = Release|Any CPU
		{E4A725A7-3525-4FC5-9794-4317B5DB9C9B}.Release|x86.ActiveCfg = Release|Any CPU
		{E4A725A7-3525-4FC5-9794-4317B5DB9C9B}.Release|x86.Build.0 = Release|Any CPU
		{0F1A243B-5263-4F97-ACAE-A7A6BAB8163B}.Debug|Any CPU.ActiveCfg = Debug|Any CPU
		{0F1A243B-5263-4F97-ACAE-A7A6BAB8163B}.Debug|Any CPU.Build.0 = Debug|Any CPU
		{0F1A243B-5263-4F97-ACAE-A7A6BAB8163B}.Debug|x64.ActiveCfg = Debug|Any CPU
		{0F1A243B-5263-4F97-ACAE-A7A6BAB8163B}.Debug|x64.Build.0 = Debug|Any CPU
		{0F1A243B-5263-4F97-ACAE-A7A6BAB8163B}.Debug|x86.ActiveCfg = Debug|Any CPU
		{0F1A243B-5263-4F97-ACAE-A7A6BAB8163B}.Debug|x86.Build.0 = Debug|Any CPU
		{0F1A243B-5263-4F97-ACAE-A7A6BAB8163B}.Release|Any CPU.ActiveCfg = Release|Any CPU
		{0F1A243B-5263-4F97-ACAE-A7A6BAB8163B}.Release|Any CPU.Build.0 = Release|Any CPU
		{0F1A243B-5263-4F97-ACAE-A7A6BAB8163B}.Release|x64.ActiveCfg = Release|Any CPU
		{0F1A243B-5263-4F97-ACAE-A7A6BAB8163B}.Release|x64.Build.0 = Release|Any CPU
		{0F1A243B-5263-4F97-ACAE-A7A6BAB8163B}.Release|x86.ActiveCfg = Release|Any CPU
		{0F1A243B-5263-4F97-ACAE-A7A6BAB8163B}.Release|x86.Build.0 = Release|Any CPU
	EndGlobalSection
	GlobalSection(NestedProjects) = preSolution
		{E540364C-047F-446E-B8C1-CD41224E2282} = {A16B06ED-70E8-4494-B040-D446F0F74588}
		{4C399D64-0435-47E0-99D3-AA898E640717} = {E540364C-047F-446E-B8C1-CD41224E2282}
		{E4A725A7-3525-4FC5-9794-4317B5DB9C9B} = {E540364C-047F-446E-B8C1-CD41224E2282}
		{0F1A243B-5263-4F97-ACAE-A7A6BAB8163B} = {A16B06ED-70E8-4494-B040-D446F0F74588}
	EndGlobalSection
EndGlobal
