
Microsoft Visual Studio Solution File, Format Version 12.00
# Visual Studio 15
VisualStudioVersion = 15.0.28307.539
MinimumVisualStudioVersion = 10.0.40219.1
Project("{9A19103F-16F7-4668-BE54-9A1E7A4F7556}") = "Numerics", "Numerics\src\Numerics.csproj", "{C7E6F1F9-5DB7-41D6-ADA4-3E8F5BAEF731}"
EndProject
Project("{9A19103F-16F7-4668-BE54-9A1E7A4F7556}") = "NumericsTests", "Numerics\tests\NumericsTests.csproj", "{B8E99F28-CF37-4AA1-BDEC-16D3573CAEFD}"
EndProject
Project("{9A19103F-16F7-4668-BE54-9A1E7A4F7556}") = "Standard", "Standard\src\Standard.csproj", "{4EE69CC7-1158-49A2-A28F-9443B06D4A32}"
EndProject
Global
	GlobalSection(SolutionConfigurationPlatforms) = preSolution
		Debug|Any CPU = Debug|Any CPU
		Release|Any CPU = Release|Any CPU
	EndGlobalSection
	GlobalSection(ProjectConfigurationPlatforms) = postSolution
		{C7E6F1F9-5DB7-41D6-ADA4-3E8F5BAEF731}.Debug|Any CPU.ActiveCfg = Debug|Any CPU
		{C7E6F1F9-5DB7-41D6-ADA4-3E8F5BAEF731}.Debug|Any CPU.Build.0 = Debug|Any CPU
		{C7E6F1F9-5DB7-41D6-ADA4-3E8F5BAEF731}.Release|Any CPU.ActiveCfg = Release|Any CPU
		{C7E6F1F9-5DB7-41D6-ADA4-3E8F5BAEF731}.Release|Any CPU.Build.0 = Release|Any CPU
		{B8E99F28-CF37-4AA1-BDEC-16D3573CAEFD}.Debug|Any CPU.ActiveCfg = Debug|Any CPU
		{B8E99F28-CF37-4AA1-BDEC-16D3573CAEFD}.Debug|Any CPU.Build.0 = Debug|Any CPU
		{B8E99F28-CF37-4AA1-BDEC-16D3573CAEFD}.Release|Any CPU.ActiveCfg = Release|Any CPU
		{B8E99F28-CF37-4AA1-BDEC-16D3573CAEFD}.Release|Any CPU.Build.0 = Release|Any CPU
		{4EE69CC7-1158-49A2-A28F-9443B06D4A32}.Debug|Any CPU.ActiveCfg = Debug|Any CPU
		{4EE69CC7-1158-49A2-A28F-9443B06D4A32}.Debug|Any CPU.Build.0 = Debug|Any CPU
		{4EE69CC7-1158-49A2-A28F-9443B06D4A32}.Release|Any CPU.ActiveCfg = Release|Any CPU
		{4EE69CC7-1158-49A2-A28F-9443B06D4A32}.Release|Any CPU.Build.0 = Release|Any CPU
	EndGlobalSection
	GlobalSection(SolutionProperties) = preSolution
		HideSolutionNode = FALSE
	EndGlobalSection
	GlobalSection(ExtensibilityGlobals) = postSolution
		SolutionGuid = {62FF308E-50FB-430C-B3EE-BE8E142835C9}
	EndGlobalSection
EndGlobal
