
Microsoft Visual Studio Solution File, Format Version 12.00
# Visual Studio Version 16
VisualStudioVersion = 16.0.29920.165
MinimumVisualStudioVersion = 10.0.40219.1
Project("{9A19103F-16F7-4668-BE54-9A1E7A4F7556}") = "QAOA", "QAOA\src\QAOA.csproj", "{159D83BF-56A2-41B7-951B-35292F5A9F23}"
EndProject
Project("{FAE04EC0-301F-11D3-BF4B-00C04F79EFBC}") = "QAOATest", "QAOA\tests\QAOATest.csproj", "{D9BB6E07-427A-4A8D-9652-B4E310F803E5}"
EndProject
Global
	GlobalSection(SolutionConfigurationPlatforms) = preSolution
		Debug|Any CPU = Debug|Any CPU
		Release|Any CPU = Release|Any CPU
	EndGlobalSection
	GlobalSection(ProjectConfigurationPlatforms) = postSolution
		{159D83BF-56A2-41B7-951B-35292F5A9F23}.Debug|Any CPU.ActiveCfg = Debug|Any CPU
		{159D83BF-56A2-41B7-951B-35292F5A9F23}.Debug|Any CPU.Build.0 = Debug|Any CPU
		{159D83BF-56A2-41B7-951B-35292F5A9F23}.Release|Any CPU.ActiveCfg = Release|Any CPU
		{159D83BF-56A2-41B7-951B-35292F5A9F23}.Release|Any CPU.Build.0 = Release|Any CPU
		{D9BB6E07-427A-4A8D-9652-B4E310F803E5}.Debug|Any CPU.ActiveCfg = Debug|Any CPU
		{D9BB6E07-427A-4A8D-9652-B4E310F803E5}.Debug|Any CPU.Build.0 = Debug|Any CPU
		{D9BB6E07-427A-4A8D-9652-B4E310F803E5}.Release|Any CPU.ActiveCfg = Release|Any CPU
		{D9BB6E07-427A-4A8D-9652-B4E310F803E5}.Release|Any CPU.Build.0 = Release|Any CPU
	EndGlobalSection
	GlobalSection(SolutionProperties) = preSolution
		HideSolutionNode = FALSE
	EndGlobalSection
	GlobalSection(ExtensibilityGlobals) = postSolution
		SolutionGuid = {09481F99-E1AC-44CE-A892-7331820661DF}
	EndGlobalSection
EndGlobal
