
Microsoft Visual Studio Solution File, Format Version 12.00
# Visual Studio 15
VisualStudioVersion = 15.0.26730.16
MinimumVisualStudioVersion = 10.0.40219.1
Project("{FAE04EC0-301F-11D3-BF4B-00C04F79EFBC}") = "Microsoft.Quantum.Canon", "Microsoft.Quantum.Canon\Microsoft.Quantum.Canon.csproj", "{2A1B0D78-2CE6-44DB-BFA1-3575F3C36321}"
	ProjectSection(ProjectDependencies) = postProject
		{FC4A8309-CB71-4ECA-AFD7-F3663BC2AC5E} = {FC4A8309-CB71-4ECA-AFD7-F3663BC2AC5E}
	EndProjectSection
EndProject
Project("{FAE04EC0-301F-11D3-BF4B-00C04F79EFBC}") = "Microsoft.Quantum.Testing", "Microsoft.Quantum.Testing\Microsoft.Quantum.Testing.csproj", "{FC4A8309-CB71-4ECA-AFD7-F3663BC2AC5E}"
EndProject
Project("{2150E333-8FDC-42A3-9474-1A3956D46DE8}") = "Documentation", "Documentation", "{561759D2-4D2D-4EE3-9565-9AAEC4A7D64B}"
	ProjectSection(SolutionItems) = preProject
		README.md = README.md
	EndProjectSection
EndProject
Project("{2150E333-8FDC-42A3-9474-1A3956D46DE8}") = "Samples", "Samples", "{614D2908-AAF9-48CE-B688-C28CC99C1D19}"
	ProjectSection(SolutionItems) = preProject
		Samples\README.md = Samples\README.md
	EndProjectSection
EndProject
Project("{FAE04EC0-301F-11D3-BF4B-00C04F79EFBC}") = "TeleportationSample", "Samples\Teleporation\TeleportationSample.csproj", "{B88BE160-367F-43F1-BB56-8E21972D43D4}"
EndProject
Project("{F2A71F9B-5D33-465A-A702-920D77279786}") = "H2SimulationSample", "Samples\H2Simulation\H2SimulationSample.fsproj", "{73DE9730-9C8B-415F-9016-EB414CE1B3C7}"
EndProject
Project("{2150E333-8FDC-42A3-9474-1A3956D46DE8}") = "General Samples", "General Samples", "{92F3AF9D-1C20-4828-A012-77E067D0A398}"
EndProject
Project("{2150E333-8FDC-42A3-9474-1A3956D46DE8}") = "Ising Model Samples", "Ising Model Samples", "{6E6063FB-43EB-41D1-B095-4701A5D966BF}"
EndProject
Project("{FAE04EC0-301F-11D3-BF4B-00C04F79EFBC}") = "AdiabaticIsingSample", "Samples\AdiabaticIsing\AdiabaticIsingSample.csproj", "{7E3CBFA5-6DD8-4599-BD65-C5D2BED3B87A}"
EndProject
Project("{FAE04EC0-301F-11D3-BF4B-00C04F79EFBC}") = "PhaseEstimationSample", "Samples\PhaseEstimation\PhaseEstimationSample.csproj", "{F36C17E3-68EA-4ECF-828E-3FDEFFD8941D}"
EndProject
Project("{FAE04EC0-301F-11D3-BF4B-00C04F79EFBC}") = "SimpleIsingSample", "Samples\SimpleIsing\SimpleIsingSample.csproj", "{55174A3F-A1A0-4F66-827D-CD0D07F8FB9C}"
EndProject
Project("{FAE04EC0-301F-11D3-BF4B-00C04F79EFBC}") = "IsingPhaseEstimationSample", "Samples\IsingPhaseEstimation\IsingPhaseEstimationSample.csproj", "{F1560649-37E2-4A95-938D-F4B48644583D}"
EndProject
Project("{FAE04EC0-301F-11D3-BF4B-00C04F79EFBC}") = "IsingGeneratorsSample", "Samples\IsingGenerators\IsingGeneratorsSample.csproj", "{179B52ED-B81F-4844-A263-8E49D6DAB4A5}"
EndProject
Project("{FAE04EC0-301F-11D3-BF4B-00C04F79EFBC}") = "LibraryTests", "LibraryTests\LibraryTests.csproj", "{0DF89F4F-F839-4EA8-802E-C8B18D4F6652}"
EndProject
Project("{FAE04EC0-301F-11D3-BF4B-00C04F79EFBC}") = "DatabaseSearchSample", "Samples\DatabaseSearchSample\DatabaseSearchSample.csproj", "{743CE57E-B96B-456E-9C32-10BF45756CD9}"
EndProject
Global
	GlobalSection(SolutionConfigurationPlatforms) = preSolution
		Debug|Any CPU = Debug|Any CPU
		Debug|ARM = Debug|ARM
		Debug|x64 = Debug|x64
		Debug|x86 = Debug|x86
		Release|Any CPU = Release|Any CPU
		Release|ARM = Release|ARM
		Release|x64 = Release|x64
		Release|x86 = Release|x86
	EndGlobalSection
	GlobalSection(ProjectConfigurationPlatforms) = postSolution
		{2A1B0D78-2CE6-44DB-BFA1-3575F3C36321}.Debug|Any CPU.ActiveCfg = Debug|Any CPU
		{2A1B0D78-2CE6-44DB-BFA1-3575F3C36321}.Debug|Any CPU.Build.0 = Debug|Any CPU
		{2A1B0D78-2CE6-44DB-BFA1-3575F3C36321}.Debug|ARM.ActiveCfg = Debug|Any CPU
		{2A1B0D78-2CE6-44DB-BFA1-3575F3C36321}.Debug|ARM.Build.0 = Debug|Any CPU
		{2A1B0D78-2CE6-44DB-BFA1-3575F3C36321}.Debug|x64.ActiveCfg = Debug|Any CPU
		{2A1B0D78-2CE6-44DB-BFA1-3575F3C36321}.Debug|x64.Build.0 = Debug|Any CPU
		{2A1B0D78-2CE6-44DB-BFA1-3575F3C36321}.Debug|x86.ActiveCfg = Debug|Any CPU
		{2A1B0D78-2CE6-44DB-BFA1-3575F3C36321}.Debug|x86.Build.0 = Debug|Any CPU
		{2A1B0D78-2CE6-44DB-BFA1-3575F3C36321}.Release|Any CPU.ActiveCfg = Release|Any CPU
		{2A1B0D78-2CE6-44DB-BFA1-3575F3C36321}.Release|Any CPU.Build.0 = Release|Any CPU
		{2A1B0D78-2CE6-44DB-BFA1-3575F3C36321}.Release|ARM.ActiveCfg = Release|Any CPU
		{2A1B0D78-2CE6-44DB-BFA1-3575F3C36321}.Release|ARM.Build.0 = Release|Any CPU
		{2A1B0D78-2CE6-44DB-BFA1-3575F3C36321}.Release|x64.ActiveCfg = Release|Any CPU
		{2A1B0D78-2CE6-44DB-BFA1-3575F3C36321}.Release|x64.Build.0 = Release|Any CPU
		{2A1B0D78-2CE6-44DB-BFA1-3575F3C36321}.Release|x86.ActiveCfg = Release|Any CPU
		{2A1B0D78-2CE6-44DB-BFA1-3575F3C36321}.Release|x86.Build.0 = Release|Any CPU
		{FC4A8309-CB71-4ECA-AFD7-F3663BC2AC5E}.Debug|Any CPU.ActiveCfg = Debug|Any CPU
		{FC4A8309-CB71-4ECA-AFD7-F3663BC2AC5E}.Debug|Any CPU.Build.0 = Debug|Any CPU
		{FC4A8309-CB71-4ECA-AFD7-F3663BC2AC5E}.Debug|ARM.ActiveCfg = Debug|Any CPU
		{FC4A8309-CB71-4ECA-AFD7-F3663BC2AC5E}.Debug|ARM.Build.0 = Debug|Any CPU
		{FC4A8309-CB71-4ECA-AFD7-F3663BC2AC5E}.Debug|x64.ActiveCfg = Debug|Any CPU
		{FC4A8309-CB71-4ECA-AFD7-F3663BC2AC5E}.Debug|x64.Build.0 = Debug|Any CPU
		{FC4A8309-CB71-4ECA-AFD7-F3663BC2AC5E}.Debug|x86.ActiveCfg = Debug|Any CPU
		{FC4A8309-CB71-4ECA-AFD7-F3663BC2AC5E}.Debug|x86.Build.0 = Debug|Any CPU
		{FC4A8309-CB71-4ECA-AFD7-F3663BC2AC5E}.Release|Any CPU.ActiveCfg = Release|Any CPU
		{FC4A8309-CB71-4ECA-AFD7-F3663BC2AC5E}.Release|Any CPU.Build.0 = Release|Any CPU
		{FC4A8309-CB71-4ECA-AFD7-F3663BC2AC5E}.Release|ARM.ActiveCfg = Release|Any CPU
		{FC4A8309-CB71-4ECA-AFD7-F3663BC2AC5E}.Release|ARM.Build.0 = Release|Any CPU
		{FC4A8309-CB71-4ECA-AFD7-F3663BC2AC5E}.Release|x64.ActiveCfg = Release|Any CPU
		{FC4A8309-CB71-4ECA-AFD7-F3663BC2AC5E}.Release|x64.Build.0 = Release|Any CPU
		{FC4A8309-CB71-4ECA-AFD7-F3663BC2AC5E}.Release|x86.ActiveCfg = Release|Any CPU
		{FC4A8309-CB71-4ECA-AFD7-F3663BC2AC5E}.Release|x86.Build.0 = Release|Any CPU
		{B88BE160-367F-43F1-BB56-8E21972D43D4}.Debug|Any CPU.ActiveCfg = Debug|Any CPU
		{B88BE160-367F-43F1-BB56-8E21972D43D4}.Debug|Any CPU.Build.0 = Debug|Any CPU
		{B88BE160-367F-43F1-BB56-8E21972D43D4}.Debug|ARM.ActiveCfg = Debug|Any CPU
		{B88BE160-367F-43F1-BB56-8E21972D43D4}.Debug|ARM.Build.0 = Debug|Any CPU
		{B88BE160-367F-43F1-BB56-8E21972D43D4}.Debug|x64.ActiveCfg = Debug|Any CPU
		{B88BE160-367F-43F1-BB56-8E21972D43D4}.Debug|x64.Build.0 = Debug|Any CPU
		{B88BE160-367F-43F1-BB56-8E21972D43D4}.Debug|x86.ActiveCfg = Debug|Any CPU
		{B88BE160-367F-43F1-BB56-8E21972D43D4}.Debug|x86.Build.0 = Debug|Any CPU
		{B88BE160-367F-43F1-BB56-8E21972D43D4}.Release|Any CPU.ActiveCfg = Release|Any CPU
		{B88BE160-367F-43F1-BB56-8E21972D43D4}.Release|Any CPU.Build.0 = Release|Any CPU
		{B88BE160-367F-43F1-BB56-8E21972D43D4}.Release|ARM.ActiveCfg = Release|Any CPU
		{B88BE160-367F-43F1-BB56-8E21972D43D4}.Release|ARM.Build.0 = Release|Any CPU
		{B88BE160-367F-43F1-BB56-8E21972D43D4}.Release|x64.ActiveCfg = Release|Any CPU
		{B88BE160-367F-43F1-BB56-8E21972D43D4}.Release|x64.Build.0 = Release|Any CPU
		{B88BE160-367F-43F1-BB56-8E21972D43D4}.Release|x86.ActiveCfg = Release|Any CPU
		{B88BE160-367F-43F1-BB56-8E21972D43D4}.Release|x86.Build.0 = Release|Any CPU
		{73DE9730-9C8B-415F-9016-EB414CE1B3C7}.Debug|Any CPU.ActiveCfg = Debug|Any CPU
		{73DE9730-9C8B-415F-9016-EB414CE1B3C7}.Debug|Any CPU.Build.0 = Debug|Any CPU
		{73DE9730-9C8B-415F-9016-EB414CE1B3C7}.Debug|ARM.ActiveCfg = Debug|Any CPU
		{73DE9730-9C8B-415F-9016-EB414CE1B3C7}.Debug|ARM.Build.0 = Debug|Any CPU
		{73DE9730-9C8B-415F-9016-EB414CE1B3C7}.Debug|x64.ActiveCfg = Debug|Any CPU
		{73DE9730-9C8B-415F-9016-EB414CE1B3C7}.Debug|x64.Build.0 = Debug|Any CPU
		{73DE9730-9C8B-415F-9016-EB414CE1B3C7}.Debug|x86.ActiveCfg = Debug|Any CPU
		{73DE9730-9C8B-415F-9016-EB414CE1B3C7}.Debug|x86.Build.0 = Debug|Any CPU
		{73DE9730-9C8B-415F-9016-EB414CE1B3C7}.Release|Any CPU.ActiveCfg = Release|Any CPU
		{73DE9730-9C8B-415F-9016-EB414CE1B3C7}.Release|Any CPU.Build.0 = Release|Any CPU
		{73DE9730-9C8B-415F-9016-EB414CE1B3C7}.Release|ARM.ActiveCfg = Release|Any CPU
		{73DE9730-9C8B-415F-9016-EB414CE1B3C7}.Release|ARM.Build.0 = Release|Any CPU
		{73DE9730-9C8B-415F-9016-EB414CE1B3C7}.Release|x64.ActiveCfg = Release|Any CPU
		{73DE9730-9C8B-415F-9016-EB414CE1B3C7}.Release|x64.Build.0 = Release|Any CPU
		{73DE9730-9C8B-415F-9016-EB414CE1B3C7}.Release|x86.ActiveCfg = Release|Any CPU
		{73DE9730-9C8B-415F-9016-EB414CE1B3C7}.Release|x86.Build.0 = Release|Any CPU
		{7E3CBFA5-6DD8-4599-BD65-C5D2BED3B87A}.Debug|Any CPU.ActiveCfg = Debug|Any CPU
		{7E3CBFA5-6DD8-4599-BD65-C5D2BED3B87A}.Debug|Any CPU.Build.0 = Debug|Any CPU
		{7E3CBFA5-6DD8-4599-BD65-C5D2BED3B87A}.Debug|ARM.ActiveCfg = Debug|Any CPU
		{7E3CBFA5-6DD8-4599-BD65-C5D2BED3B87A}.Debug|ARM.Build.0 = Debug|Any CPU
		{7E3CBFA5-6DD8-4599-BD65-C5D2BED3B87A}.Debug|x64.ActiveCfg = Debug|Any CPU
		{7E3CBFA5-6DD8-4599-BD65-C5D2BED3B87A}.Debug|x64.Build.0 = Debug|Any CPU
		{7E3CBFA5-6DD8-4599-BD65-C5D2BED3B87A}.Debug|x86.ActiveCfg = Debug|Any CPU
		{7E3CBFA5-6DD8-4599-BD65-C5D2BED3B87A}.Debug|x86.Build.0 = Debug|Any CPU
		{7E3CBFA5-6DD8-4599-BD65-C5D2BED3B87A}.Release|Any CPU.ActiveCfg = Release|Any CPU
		{7E3CBFA5-6DD8-4599-BD65-C5D2BED3B87A}.Release|Any CPU.Build.0 = Release|Any CPU
		{7E3CBFA5-6DD8-4599-BD65-C5D2BED3B87A}.Release|ARM.ActiveCfg = Release|Any CPU
		{7E3CBFA5-6DD8-4599-BD65-C5D2BED3B87A}.Release|ARM.Build.0 = Release|Any CPU
		{7E3CBFA5-6DD8-4599-BD65-C5D2BED3B87A}.Release|x64.ActiveCfg = Release|Any CPU
		{7E3CBFA5-6DD8-4599-BD65-C5D2BED3B87A}.Release|x64.Build.0 = Release|Any CPU
		{7E3CBFA5-6DD8-4599-BD65-C5D2BED3B87A}.Release|x86.ActiveCfg = Release|Any CPU
		{7E3CBFA5-6DD8-4599-BD65-C5D2BED3B87A}.Release|x86.Build.0 = Release|Any CPU
		{F36C17E3-68EA-4ECF-828E-3FDEFFD8941D}.Debug|Any CPU.ActiveCfg = Debug|Any CPU
		{F36C17E3-68EA-4ECF-828E-3FDEFFD8941D}.Debug|Any CPU.Build.0 = Debug|Any CPU
		{F36C17E3-68EA-4ECF-828E-3FDEFFD8941D}.Debug|ARM.ActiveCfg = Debug|Any CPU
		{F36C17E3-68EA-4ECF-828E-3FDEFFD8941D}.Debug|ARM.Build.0 = Debug|Any CPU
		{F36C17E3-68EA-4ECF-828E-3FDEFFD8941D}.Debug|x64.ActiveCfg = Debug|Any CPU
		{F36C17E3-68EA-4ECF-828E-3FDEFFD8941D}.Debug|x64.Build.0 = Debug|Any CPU
		{F36C17E3-68EA-4ECF-828E-3FDEFFD8941D}.Debug|x86.ActiveCfg = Debug|Any CPU
		{F36C17E3-68EA-4ECF-828E-3FDEFFD8941D}.Debug|x86.Build.0 = Debug|Any CPU
		{F36C17E3-68EA-4ECF-828E-3FDEFFD8941D}.Release|Any CPU.ActiveCfg = Release|Any CPU
		{F36C17E3-68EA-4ECF-828E-3FDEFFD8941D}.Release|Any CPU.Build.0 = Release|Any CPU
		{F36C17E3-68EA-4ECF-828E-3FDEFFD8941D}.Release|ARM.ActiveCfg = Release|Any CPU
		{F36C17E3-68EA-4ECF-828E-3FDEFFD8941D}.Release|ARM.Build.0 = Release|Any CPU
		{F36C17E3-68EA-4ECF-828E-3FDEFFD8941D}.Release|x64.ActiveCfg = Release|Any CPU
		{F36C17E3-68EA-4ECF-828E-3FDEFFD8941D}.Release|x64.Build.0 = Release|Any CPU
		{F36C17E3-68EA-4ECF-828E-3FDEFFD8941D}.Release|x86.ActiveCfg = Release|Any CPU
		{F36C17E3-68EA-4ECF-828E-3FDEFFD8941D}.Release|x86.Build.0 = Release|Any CPU
		{55174A3F-A1A0-4F66-827D-CD0D07F8FB9C}.Debug|Any CPU.ActiveCfg = Debug|Any CPU
		{55174A3F-A1A0-4F66-827D-CD0D07F8FB9C}.Debug|Any CPU.Build.0 = Debug|Any CPU
		{55174A3F-A1A0-4F66-827D-CD0D07F8FB9C}.Debug|ARM.ActiveCfg = Debug|Any CPU
		{55174A3F-A1A0-4F66-827D-CD0D07F8FB9C}.Debug|ARM.Build.0 = Debug|Any CPU
		{55174A3F-A1A0-4F66-827D-CD0D07F8FB9C}.Debug|x64.ActiveCfg = Debug|Any CPU
		{55174A3F-A1A0-4F66-827D-CD0D07F8FB9C}.Debug|x64.Build.0 = Debug|Any CPU
		{55174A3F-A1A0-4F66-827D-CD0D07F8FB9C}.Debug|x86.ActiveCfg = Debug|Any CPU
		{55174A3F-A1A0-4F66-827D-CD0D07F8FB9C}.Debug|x86.Build.0 = Debug|Any CPU
		{55174A3F-A1A0-4F66-827D-CD0D07F8FB9C}.Release|Any CPU.ActiveCfg = Release|Any CPU
		{55174A3F-A1A0-4F66-827D-CD0D07F8FB9C}.Release|Any CPU.Build.0 = Release|Any CPU
		{55174A3F-A1A0-4F66-827D-CD0D07F8FB9C}.Release|ARM.ActiveCfg = Release|Any CPU
		{55174A3F-A1A0-4F66-827D-CD0D07F8FB9C}.Release|ARM.Build.0 = Release|Any CPU
		{55174A3F-A1A0-4F66-827D-CD0D07F8FB9C}.Release|x64.ActiveCfg = Release|Any CPU
		{55174A3F-A1A0-4F66-827D-CD0D07F8FB9C}.Release|x64.Build.0 = Release|Any CPU
		{55174A3F-A1A0-4F66-827D-CD0D07F8FB9C}.Release|x86.ActiveCfg = Release|Any CPU
		{55174A3F-A1A0-4F66-827D-CD0D07F8FB9C}.Release|x86.Build.0 = Release|Any CPU
		{F1560649-37E2-4A95-938D-F4B48644583D}.Debug|Any CPU.ActiveCfg = Debug|Any CPU
		{F1560649-37E2-4A95-938D-F4B48644583D}.Debug|Any CPU.Build.0 = Debug|Any CPU
		{F1560649-37E2-4A95-938D-F4B48644583D}.Debug|ARM.ActiveCfg = Debug|Any CPU
		{F1560649-37E2-4A95-938D-F4B48644583D}.Debug|ARM.Build.0 = Debug|Any CPU
		{F1560649-37E2-4A95-938D-F4B48644583D}.Debug|x64.ActiveCfg = Debug|x64
		{F1560649-37E2-4A95-938D-F4B48644583D}.Debug|x64.Build.0 = Debug|x64
		{F1560649-37E2-4A95-938D-F4B48644583D}.Debug|x86.ActiveCfg = Debug|Any CPU
		{F1560649-37E2-4A95-938D-F4B48644583D}.Debug|x86.Build.0 = Debug|Any CPU
		{F1560649-37E2-4A95-938D-F4B48644583D}.Release|Any CPU.ActiveCfg = Release|Any CPU
		{F1560649-37E2-4A95-938D-F4B48644583D}.Release|Any CPU.Build.0 = Release|Any CPU
		{F1560649-37E2-4A95-938D-F4B48644583D}.Release|ARM.ActiveCfg = Release|Any CPU
		{F1560649-37E2-4A95-938D-F4B48644583D}.Release|ARM.Build.0 = Release|Any CPU
		{F1560649-37E2-4A95-938D-F4B48644583D}.Release|x64.ActiveCfg = Release|x64
		{F1560649-37E2-4A95-938D-F4B48644583D}.Release|x64.Build.0 = Release|x64
		{F1560649-37E2-4A95-938D-F4B48644583D}.Release|x86.ActiveCfg = Release|Any CPU
		{F1560649-37E2-4A95-938D-F4B48644583D}.Release|x86.Build.0 = Release|Any CPU
		{179B52ED-B81F-4844-A263-8E49D6DAB4A5}.Debug|Any CPU.ActiveCfg = Debug|Any CPU
		{179B52ED-B81F-4844-A263-8E49D6DAB4A5}.Debug|Any CPU.Build.0 = Debug|Any CPU
		{179B52ED-B81F-4844-A263-8E49D6DAB4A5}.Debug|ARM.ActiveCfg = Debug|Any CPU
		{179B52ED-B81F-4844-A263-8E49D6DAB4A5}.Debug|ARM.Build.0 = Debug|Any CPU
		{179B52ED-B81F-4844-A263-8E49D6DAB4A5}.Debug|x64.ActiveCfg = Debug|x64
		{179B52ED-B81F-4844-A263-8E49D6DAB4A5}.Debug|x64.Build.0 = Debug|x64
		{179B52ED-B81F-4844-A263-8E49D6DAB4A5}.Debug|x86.ActiveCfg = Debug|Any CPU
		{179B52ED-B81F-4844-A263-8E49D6DAB4A5}.Debug|x86.Build.0 = Debug|Any CPU
		{179B52ED-B81F-4844-A263-8E49D6DAB4A5}.Release|Any CPU.ActiveCfg = Release|Any CPU
		{179B52ED-B81F-4844-A263-8E49D6DAB4A5}.Release|Any CPU.Build.0 = Release|Any CPU
		{179B52ED-B81F-4844-A263-8E49D6DAB4A5}.Release|ARM.ActiveCfg = Release|Any CPU
		{179B52ED-B81F-4844-A263-8E49D6DAB4A5}.Release|ARM.Build.0 = Release|Any CPU
		{179B52ED-B81F-4844-A263-8E49D6DAB4A5}.Release|x64.ActiveCfg = Release|x64
		{179B52ED-B81F-4844-A263-8E49D6DAB4A5}.Release|x64.Build.0 = Release|x64
		{179B52ED-B81F-4844-A263-8E49D6DAB4A5}.Release|x86.ActiveCfg = Release|Any CPU
		{179B52ED-B81F-4844-A263-8E49D6DAB4A5}.Release|x86.Build.0 = Release|Any CPU
		{0DF89F4F-F839-4EA8-802E-C8B18D4F6652}.Debug|Any CPU.ActiveCfg = Debug|Any CPU
		{0DF89F4F-F839-4EA8-802E-C8B18D4F6652}.Debug|Any CPU.Build.0 = Debug|Any CPU
		{0DF89F4F-F839-4EA8-802E-C8B18D4F6652}.Debug|ARM.ActiveCfg = Debug|Any CPU
		{0DF89F4F-F839-4EA8-802E-C8B18D4F6652}.Debug|ARM.Build.0 = Debug|Any CPU
		{0DF89F4F-F839-4EA8-802E-C8B18D4F6652}.Debug|x64.ActiveCfg = Debug|Any CPU
		{0DF89F4F-F839-4EA8-802E-C8B18D4F6652}.Debug|x64.Build.0 = Debug|Any CPU
		{0DF89F4F-F839-4EA8-802E-C8B18D4F6652}.Debug|x86.ActiveCfg = Debug|Any CPU
		{0DF89F4F-F839-4EA8-802E-C8B18D4F6652}.Debug|x86.Build.0 = Debug|Any CPU
		{0DF89F4F-F839-4EA8-802E-C8B18D4F6652}.Release|Any CPU.ActiveCfg = Release|Any CPU
		{0DF89F4F-F839-4EA8-802E-C8B18D4F6652}.Release|Any CPU.Build.0 = Release|Any CPU
		{0DF89F4F-F839-4EA8-802E-C8B18D4F6652}.Release|ARM.ActiveCfg = Release|Any CPU
		{0DF89F4F-F839-4EA8-802E-C8B18D4F6652}.Release|ARM.Build.0 = Release|Any CPU
		{0DF89F4F-F839-4EA8-802E-C8B18D4F6652}.Release|x64.ActiveCfg = Release|Any CPU
		{0DF89F4F-F839-4EA8-802E-C8B18D4F6652}.Release|x64.Build.0 = Release|Any CPU
		{0DF89F4F-F839-4EA8-802E-C8B18D4F6652}.Release|x86.ActiveCfg = Release|Any CPU
		{0DF89F4F-F839-4EA8-802E-C8B18D4F6652}.Release|x86.Build.0 = Release|Any CPU
		{743CE57E-B96B-456E-9C32-10BF45756CD9}.Debug|Any CPU.ActiveCfg = Debug|Any CPU
		{743CE57E-B96B-456E-9C32-10BF45756CD9}.Debug|Any CPU.Build.0 = Debug|Any CPU
		{743CE57E-B96B-456E-9C32-10BF45756CD9}.Debug|ARM.ActiveCfg = Debug|Any CPU
		{743CE57E-B96B-456E-9C32-10BF45756CD9}.Debug|ARM.Build.0 = Debug|Any CPU
		{743CE57E-B96B-456E-9C32-10BF45756CD9}.Debug|x64.ActiveCfg = Debug|Any CPU
		{743CE57E-B96B-456E-9C32-10BF45756CD9}.Debug|x64.Build.0 = Debug|Any CPU
		{743CE57E-B96B-456E-9C32-10BF45756CD9}.Debug|x86.ActiveCfg = Debug|Any CPU
		{743CE57E-B96B-456E-9C32-10BF45756CD9}.Debug|x86.Build.0 = Debug|Any CPU
		{743CE57E-B96B-456E-9C32-10BF45756CD9}.Release|Any CPU.ActiveCfg = Release|Any CPU
		{743CE57E-B96B-456E-9C32-10BF45756CD9}.Release|Any CPU.Build.0 = Release|Any CPU
		{743CE57E-B96B-456E-9C32-10BF45756CD9}.Release|ARM.ActiveCfg = Release|Any CPU
		{743CE57E-B96B-456E-9C32-10BF45756CD9}.Release|ARM.Build.0 = Release|Any CPU
		{743CE57E-B96B-456E-9C32-10BF45756CD9}.Release|x64.ActiveCfg = Release|Any CPU
		{743CE57E-B96B-456E-9C32-10BF45756CD9}.Release|x64.Build.0 = Release|Any CPU
		{743CE57E-B96B-456E-9C32-10BF45756CD9}.Release|x86.ActiveCfg = Release|Any CPU
		{743CE57E-B96B-456E-9C32-10BF45756CD9}.Release|x86.Build.0 = Release|Any CPU
	EndGlobalSection
	GlobalSection(SolutionProperties) = preSolution
		HideSolutionNode = FALSE
	EndGlobalSection
	GlobalSection(NestedProjects) = preSolution
		{B88BE160-367F-43F1-BB56-8E21972D43D4} = {92F3AF9D-1C20-4828-A012-77E067D0A398}
		{73DE9730-9C8B-415F-9016-EB414CE1B3C7} = {92F3AF9D-1C20-4828-A012-77E067D0A398}
		{92F3AF9D-1C20-4828-A012-77E067D0A398} = {614D2908-AAF9-48CE-B688-C28CC99C1D19}
		{6E6063FB-43EB-41D1-B095-4701A5D966BF} = {614D2908-AAF9-48CE-B688-C28CC99C1D19}
		{7E3CBFA5-6DD8-4599-BD65-C5D2BED3B87A} = {6E6063FB-43EB-41D1-B095-4701A5D966BF}
		{F36C17E3-68EA-4ECF-828E-3FDEFFD8941D} = {92F3AF9D-1C20-4828-A012-77E067D0A398}
		{55174A3F-A1A0-4F66-827D-CD0D07F8FB9C} = {6E6063FB-43EB-41D1-B095-4701A5D966BF}
		{F1560649-37E2-4A95-938D-F4B48644583D} = {6E6063FB-43EB-41D1-B095-4701A5D966BF}
		{179B52ED-B81F-4844-A263-8E49D6DAB4A5} = {6E6063FB-43EB-41D1-B095-4701A5D966BF}
		{743CE57E-B96B-456E-9C32-10BF45756CD9} = {92F3AF9D-1C20-4828-A012-77E067D0A398}
	EndGlobalSection
	GlobalSection(ExtensibilityGlobals) = postSolution
		SolutionGuid = {6869E5BF-551A-40F1-9B6B-D1B27A5676CB}
	EndGlobalSection
	GlobalSection(Performance) = preSolution
		HasPerformanceSessions = true
	EndGlobalSection
	GlobalSection(Performance) = preSolution
		HasPerformanceSessions = true
	EndGlobalSection
EndGlobal
